
Microsoft Visual Studio Solution File, Format Version 12.00
# Visual Studio Version 16
VisualStudioVersion = 16.0.29209.62
MinimumVisualStudioVersion = 10.0.40219.1
Project("{FAE04EC0-301F-11D3-BF4B-00C04F79EFBC}") = "CShapeDemo", "CShapeDemo.csproj", "{AE9DF2CF-C5B5-48BA-98E5-C37DE90D2B1A}"
EndProject
Global
	GlobalSection(SolutionConfigurationPlatforms) = preSolution
		Debug|Any CPU = Debug|Any CPU
		Release|Any CPU = Release|Any CPU
	EndGlobalSection
	GlobalSection(ProjectConfigurationPlatforms) = postSolution
		{AE9DF2CF-C5B5-48BA-98E5-C37DE90D2B1A}.Debug|Any CPU.ActiveCfg = Debug|Any CPU
		{AE9DF2CF-C5B5-48BA-98E5-C37DE90D2B1A}.Debug|Any CPU.Build.0 = Debug|Any CPU
		{AE9DF2CF-C5B5-48BA-98E5-C37DE90D2B1A}.Release|Any CPU.ActiveCfg = Release|Any CPU
		{AE9DF2CF-C5B5-48BA-98E5-C37DE90D2B1A}.Release|Any CPU.Build.0 = Release|Any CPU
	EndGlobalSection
	GlobalSection(SolutionProperties) = preSolution
		HideSolutionNode = FALSE
	EndGlobalSection
	GlobalSection(ExtensibilityGlobals) = postSolution
		SolutionGuid = {7D0B60BE-5B44-4E6E-B09E-4CA126C21559}
	EndGlobalSection
EndGlobal
